
Microsoft Visual Studio Solution File, Format Version 12.00
# Visual Studio Version 16
VisualStudioVersion = 25.0.1706.8
MinimumVisualStudioVersion = 10.0.40219.1
Project("{FAE04EC0-301F-11D3-BF4B-00C04F79EFBC}") = "test", "test\test.csproj", "{372E3BA8-0126-4D86-AFF8-4EC4FAB2B51B}"
EndProject
Project("{FAE04EC0-301F-11D3-BF4B-00C04F79EFBC}") = "test.droid", "test.droid\test.droid.csproj", "{32B695A9-6D3E-4504-88DF-4B16CE2BB946}"
EndProject
Project("{FAE04EC0-301F-11D3-BF4B-00C04F79EFBC}") = "test.s", "test.s\test.s.csproj", "{0966BF56-8128-4C34-B2EF-0BBD4B4CEF4F}"
EndProject
Global
	GlobalSection(SolutionConfigurationPlatforms) = preSolution
		Debug|iPhoneSimulator = Debug|iPhoneSimulator
		Release|iPhoneSimulator = Release|iPhoneSimulator
		Debug|iPhone = Debug|iPhone
		Release|iPhone = Release|iPhone
	EndGlobalSection
	GlobalSection(ProjectConfigurationPlatforms) = postSolution
		{372E3BA8-0126-4D86-AFF8-4EC4FAB2B51B}.Debug|iPhoneSimulator.ActiveCfg = Debug|iPhoneSimulator
		{372E3BA8-0126-4D86-AFF8-4EC4FAB2B51B}.Debug|iPhoneSimulator.Build.0 = Debug|iPhoneSimulator
		{372E3BA8-0126-4D86-AFF8-4EC4FAB2B51B}.Release|iPhoneSimulator.ActiveCfg = Release|iPhoneSimulator
		{372E3BA8-0126-4D86-AFF8-4EC4FAB2B51B}.Release|iPhoneSimulator.Build.0 = Release|iPhoneSimulator
		{372E3BA8-0126-4D86-AFF8-4EC4FAB2B51B}.Debug|iPhone.ActiveCfg = Debug|iPhone
		{372E3BA8-0126-4D86-AFF8-4EC4FAB2B51B}.Debug|iPhone.Build.0 = Debug|iPhone
		{372E3BA8-0126-4D86-AFF8-4EC4FAB2B51B}.Release|iPhone.ActiveCfg = Release|iPhone
		{372E3BA8-0126-4D86-AFF8-4EC4FAB2B51B}.Release|iPhone.Build.0 = Release|iPhone
		{32B695A9-6D3E-4504-88DF-4B16CE2BB946}.Debug|iPhoneSimulator.ActiveCfg = Debug|Any CPU
		{32B695A9-6D3E-4504-88DF-4B16CE2BB946}.Debug|iPhoneSimulator.Build.0 = Debug|Any CPU
		{32B695A9-6D3E-4504-88DF-4B16CE2BB946}.Release|iPhoneSimulator.ActiveCfg = Release|Any CPU
		{32B695A9-6D3E-4504-88DF-4B16CE2BB946}.Release|iPhoneSimulator.Build.0 = Release|Any CPU
		{32B695A9-6D3E-4504-88DF-4B16CE2BB946}.Debug|iPhone.ActiveCfg = Debug|Any CPU
		{32B695A9-6D3E-4504-88DF-4B16CE2BB946}.Debug|iPhone.Build.0 = Debug|Any CPU
		{32B695A9-6D3E-4504-88DF-4B16CE2BB946}.Release|iPhone.ActiveCfg = Release|Any CPU
		{32B695A9-6D3E-4504-88DF-4B16CE2BB946}.Release|iPhone.Build.0 = Release|Any CPU
		{0966BF56-8128-4C34-B2EF-0BBD4B4CEF4F}.Debug|iPhoneSimulator.ActiveCfg = Debug|Any CPU
		{0966BF56-8128-4C34-B2EF-0BBD4B4CEF4F}.Debug|iPhoneSimulator.Build.0 = Debug|Any CPU
		{0966BF56-8128-4C34-B2EF-0BBD4B4CEF4F}.Release|iPhoneSimulator.ActiveCfg = Release|Any CPU
		{0966BF56-8128-4C34-B2EF-0BBD4B4CEF4F}.Release|iPhoneSimulator.Build.0 = Release|Any CPU
		{0966BF56-8128-4C34-B2EF-0BBD4B4CEF4F}.Debug|iPhone.ActiveCfg = Debug|Any CPU
		{0966BF56-8128-4C34-B2EF-0BBD4B4CEF4F}.Debug|iPhone.Build.0 = Debug|Any CPU
		{0966BF56-8128-4C34-B2EF-0BBD4B4CEF4F}.Release|iPhone.ActiveCfg = Release|Any CPU
		{0966BF56-8128-4C34-B2EF-0BBD4B4CEF4F}.Release|iPhone.Build.0 = Release|Any CPU
	EndGlobalSection
	GlobalSection(SolutionProperties) = preSolution
		HideSolutionNode = FALSE
	EndGlobalSection
	GlobalSection(ExtensibilityGlobals) = postSolution
		SolutionGuid = {9772E87D-B6FD-40BF-8D3A-AD9B59D9BD84}
	EndGlobalSection
EndGlobal
